
Microsoft Visual Studio Solution File, Format Version 12.00
# Visual Studio 2012
Project("{888888A0-9F3D-457C-B088-3A5042F75D52}") = "BasicMJD", "BasicMJD\BasicMJD.pyproj", "{5282417B-14DA-406E-AC5A-C47352C7B4BF}"
EndProject
Global
	GlobalSection(SolutionConfigurationPlatforms) = preSolution
		Debug|Any CPU = Debug|Any CPU
		Release|Any CPU = Release|Any CPU
	EndGlobalSection
	GlobalSection(ProjectConfigurationPlatforms) = postSolution
		{5282417B-14DA-406E-AC5A-C47352C7B4BF}.Debug|Any CPU.ActiveCfg = Debug|Any CPU
		{5282417B-14DA-406E-AC5A-C47352C7B4BF}.Debug|Any CPU.Build.0 = Debug|Any CPU
		{5282417B-14DA-406E-AC5A-C47352C7B4BF}.Release|Any CPU.ActiveCfg = Release|Any CPU
		{5282417B-14DA-406E-AC5A-C47352C7B4BF}.Release|Any CPU.Build.0 = Release|Any CPU
	EndGlobalSection
	GlobalSection(SolutionProperties) = preSolution
		HideSolutionNode = FALSE
	EndGlobalSection
EndGlobal
