
Microsoft Visual Studio Solution File, Format Version 12.00
# Visual Studio 2012
Project("{888888A0-9F3D-457C-B088-3A5042F75D52}") = "exampleFromSites", "exampleFromSites\exampleFromSites.pyproj", "{3691CB94-ED64-4560-A54E-BBE4553D667F}"
EndProject
Global
	GlobalSection(SolutionConfigurationPlatforms) = preSolution
		Debug|Any CPU = Debug|Any CPU
		Release|Any CPU = Release|Any CPU
	EndGlobalSection
	GlobalSection(ProjectConfigurationPlatforms) = postSolution
		{3691CB94-ED64-4560-A54E-BBE4553D667F}.Debug|Any CPU.ActiveCfg = Debug|Any CPU
		{3691CB94-ED64-4560-A54E-BBE4553D667F}.Release|Any CPU.ActiveCfg = Release|Any CPU
	EndGlobalSection
	GlobalSection(SolutionProperties) = preSolution
		HideSolutionNode = FALSE
	EndGlobalSection
EndGlobal
